
Microsoft Visual Studio Solution File, Format Version 12.00
Project("{FAE04EC0-301F-11D3-BF4B-00C04F79EFBC}") = "NLog.EF.Logger", "NLog.EF.Logger\NLog.EF.Logger.csproj", "{50E3E4C8-4FE1-40AF-A6EF-F89E4C521CBD}"
EndProject
Global
	GlobalSection(SolutionConfigurationPlatforms) = preSolution
		Debug|Any CPU = Debug|Any CPU
		Release|Any CPU = Release|Any CPU
	EndGlobalSection
	GlobalSection(ProjectConfigurationPlatforms) = postSolution
		{50E3E4C8-4FE1-40AF-A6EF-F89E4C521CBD}.Debug|Any CPU.ActiveCfg = Debug|Any CPU
		{50E3E4C8-4FE1-40AF-A6EF-F89E4C521CBD}.Debug|Any CPU.Build.0 = Debug|Any CPU
		{50E3E4C8-4FE1-40AF-A6EF-F89E4C521CBD}.Release|Any CPU.ActiveCfg = Release|Any CPU
		{50E3E4C8-4FE1-40AF-A6EF-F89E4C521CBD}.Release|Any CPU.Build.0 = Release|Any CPU
	EndGlobalSection
EndGlobal
